
Microsoft Visual Studio Solution File, Format Version 12.00
# Visual Studio Version 17
VisualStudioVersion = 17.2.32630.192
MinimumVisualStudioVersion = 10.0.40219.1
Project("{FAE04EC0-301F-11D3-BF4B-00C04F79EFBC}") = "Printer", "Printer\Printer.csproj", "{799937F0-0A76-4596-95E1-BB36EBBA94B0}"
EndProject
Project("{FAE04EC0-301F-11D3-BF4B-00C04F79EFBC}") = "ClassRoom", "ClassRoom\ClassRoom.csproj", "{BB2BF456-A480-4D4E-94DB-7FDC836BB4B0}"
EndProject
Project("{FAE04EC0-301F-11D3-BF4B-00C04F79EFBC}") = "DocumentWorker", "DocumentWorker\DocumentWorker.csproj", "{C8452C68-6D69-4362-8D16-1778F2964CB3}"
EndProject
Global
	GlobalSection(SolutionConfigurationPlatforms) = preSolution
		Debug|Any CPU = Debug|Any CPU
		Release|Any CPU = Release|Any CPU
	EndGlobalSection
	GlobalSection(ProjectConfigurationPlatforms) = postSolution
		{799937F0-0A76-4596-95E1-BB36EBBA94B0}.Debug|Any CPU.ActiveCfg = Debug|Any CPU
		{799937F0-0A76-4596-95E1-BB36EBBA94B0}.Debug|Any CPU.Build.0 = Debug|Any CPU
		{799937F0-0A76-4596-95E1-BB36EBBA94B0}.Release|Any CPU.ActiveCfg = Release|Any CPU
		{799937F0-0A76-4596-95E1-BB36EBBA94B0}.Release|Any CPU.Build.0 = Release|Any CPU
		{BB2BF456-A480-4D4E-94DB-7FDC836BB4B0}.Debug|Any CPU.ActiveCfg = Debug|Any CPU
		{BB2BF456-A480-4D4E-94DB-7FDC836BB4B0}.Debug|Any CPU.Build.0 = Debug|Any CPU
		{BB2BF456-A480-4D4E-94DB-7FDC836BB4B0}.Release|Any CPU.ActiveCfg = Release|Any CPU
		{BB2BF456-A480-4D4E-94DB-7FDC836BB4B0}.Release|Any CPU.Build.0 = Release|Any CPU
		{C8452C68-6D69-4362-8D16-1778F2964CB3}.Debug|Any CPU.ActiveCfg = Debug|Any CPU
		{C8452C68-6D69-4362-8D16-1778F2964CB3}.Debug|Any CPU.Build.0 = Debug|Any CPU
		{C8452C68-6D69-4362-8D16-1778F2964CB3}.Release|Any CPU.ActiveCfg = Release|Any CPU
		{C8452C68-6D69-4362-8D16-1778F2964CB3}.Release|Any CPU.Build.0 = Release|Any CPU
	EndGlobalSection
	GlobalSection(SolutionProperties) = preSolution
		HideSolutionNode = FALSE
	EndGlobalSection
	GlobalSection(ExtensibilityGlobals) = postSolution
		SolutionGuid = {192A25D3-44D1-4275-948E-24E21D0E50B3}
	EndGlobalSection
EndGlobal
